{
  "name": "codekit-project",
  "version": "1.0.0",
  "lockfileVersion": 1,
  "requires": true,
  "dependencies": {
    "gsap": {
      "version": "file:../../Document/GitHub/gsap-member/npm-install-this/gsap-bonus.tgz",
      "integrity": "sha512-+Tw/NeHM9limPBwNkKbBy3pd/s5edAnLVmAU/QohTnh/BeY+49FdDkIVx71KVKwlr7DpBZzX8fA81QLltab3Pw=="
    }
  }
}
